
Microsoft Visual Studio Solution File, Format Version 12.00
# Visual Studio Version 16
VisualStudioVersion = 16.0.30709.132
MinimumVisualStudioVersion = 10.0.40219.1
Project("{FAE04EC0-301F-11D3-BF4B-00C04F79EFBC}") = "DesafioTecnico", "DesafioTecnico\DesafioTecnico.csproj", "{347B5E8B-CDF7-4172-90B5-0B88027D98CB}"
EndProject
Global
	GlobalSection(SolutionConfigurationPlatforms) = preSolution
		Debug|Any CPU = Debug|Any CPU
		Release|Any CPU = Release|Any CPU
	EndGlobalSection
	GlobalSection(ProjectConfigurationPlatforms) = postSolution
		{347B5E8B-CDF7-4172-90B5-0B88027D98CB}.Debug|Any CPU.ActiveCfg = Debug|Any CPU
		{347B5E8B-CDF7-4172-90B5-0B88027D98CB}.Debug|Any CPU.Build.0 = Debug|Any CPU
		{347B5E8B-CDF7-4172-90B5-0B88027D98CB}.Release|Any CPU.ActiveCfg = Release|Any CPU
		{347B5E8B-CDF7-4172-90B5-0B88027D98CB}.Release|Any CPU.Build.0 = Release|Any CPU
	EndGlobalSection
	GlobalSection(SolutionProperties) = preSolution
		HideSolutionNode = FALSE
	EndGlobalSection
	GlobalSection(ExtensibilityGlobals) = postSolution
		SolutionGuid = {60DD31B4-3B6C-4F23-8ECC-9DC42661DADB}
	EndGlobalSection
EndGlobal
